{
  "version": "2",
  "remote": {
    "https://cdn.skypack.dev/-/debug@v4.3.4-o4liVvMlOnQWbLSYZMXw/dist=es2019,mode=imports/optimized/debug.js": "671100993996e39b501301a87000607916d4d2d9f8fc8e9c5200ae5ba64a1389",
    "https://cdn.skypack.dev/-/fast-xml-parser@v3.21.1-GF6KBYcx54Lz1yeJBPtP/dist=es2019,mode=imports/optimized/fast-xml-parser.js": "f6929a0f42f4264a392432c802482f5788714dc48eedb96972165e6dc0b689b9",
    "https://cdn.skypack.dev/-/fast-xml-parser@v3.21.1-GF6KBYcx54Lz1yeJBPtP/dist=es2019,mode=types/src/parser.d.ts": "9341c4f401b573890138386fb5b8a9369c5b27506e8ccd391c3b8c29ee0e9420",
    "https://cdn.skypack.dev/-/highlight.js@v11.2.0-JM2Dj07DwgYLL7X9XNLM/dist=es2019,mode=imports/optimized/common/core-ebf7cfbf.js": "70f6e0daabb23c796bf22aaff9319f29c18bf1c2568d99812c794a928e4565ee",
    "https://cdn.skypack.dev/-/highlight.js@v11.2.0-JM2Dj07DwgYLL7X9XNLM/dist=es2019,mode=imports/optimized/common/vbnet-059a8fad.js": "62e31f13250953cbfb2f400c4c9fb21a07d3afe2a6364fe79ceb430ff80e85ce",
    "https://cdn.skypack.dev/-/highlight.js@v11.2.0-JM2Dj07DwgYLL7X9XNLM/dist=es2019,mode=imports/optimized/highlightjs.js": "46cfb39815fcf39087092036fb0769616fddca7f0cf3ad86b35ab0d7f97eee59",
    "https://cdn.skypack.dev/-/jsonc-parser@v3.0.0-7JpV01PW40mGci0GFgoN/dist=es2019,mode=imports/optimized/jsonc-parser.js": "fca068f097a4bbeb091511a56aa0f5a0c81a9fbab7d4e23246230ba152b4fb31",
    "https://cdn.skypack.dev/-/marked@v3.0.2-Y53Yw117VbKs5rPj1AMb/dist=es2019,mode=imports/optimized/marked.js": "a95722679bef7882b6d08696790e12941541e23cee3c1c24d59bf09185274dcb",
    "https://cdn.skypack.dev/-/marked@v3.0.2-Y53Yw117VbKs5rPj1AMb/dist=es2019,mode=types/index.d.ts": "a9a1dd4e43a7848f7f4d05af3d2703e8c9c444654a5acc74a9d5675c62ad670d",
    "https://cdn.skypack.dev/-/ms@v2.1.2-giBDZ1IA5lmQ3ZXaa87V/dist=es2019,mode=imports/optimized/ms.js": "fd88e2d51900437011f1ad232f3393ce97db1b87a7844b3c58dd6d65562c1276",
    "https://cdn.skypack.dev/-/strnum@v1.0.5-UZPHteCsFGtQtMgV7Cjq/dist=es2019,mode=imports/optimized/strnum.js": "bf01113a22aa626ca865caf4a07493e2ddf2bcb4dc49e0f5549d0dc0da187bc9",
    "https://cdn.skypack.dev/debug@4.3.4": "7b1d010cc930f71b940ba5941da055bc181115229e29de7214bdb4425c68ea76",
    "https://cdn.skypack.dev/fast-xml-parser@3.21.1?dts": "df514c592773a4c36df147b52d1449da2c401c9c7d3c83bf741ce37675b842f8",
    "https://cdn.skypack.dev/highlight.js@11.2.0": "b472a038f83a135ac54fb18a7e002bd6f78648c8d0cdd21808e6bd523f0fb4dc",
    "https://cdn.skypack.dev/jsonc-parser@3.0.0": "db4b915e6a7cab875286f8b70378c7e40c3c14e76a96b2a33f9c4b50819f356d",
    "https://cdn.skypack.dev/marked@3.0.2?dts": "ebfbd1f193d77bed2b1b6a3d338b9864dae90dc369b04743dd8658faa0245eb9",
    "https://deno.land/std@0.166.0/_util/asserts.ts": "d0844e9b62510f89ce1f9878b046f6a57bf88f208a10304aab50efcb48365272",
    "https://deno.land/std@0.166.0/_util/os.ts": "8a33345f74990e627b9dfe2de9b040004b08ea5146c7c9e8fe9a29070d193934",
    "https://deno.land/std@0.166.0/async/abortable.ts": "87aa7230be8360c24ad437212311c9e8d4328854baec27b4c7abb26e85515c06",
    "https://deno.land/std@0.166.0/async/deadline.ts": "48ac998d7564969f3e6ec6b6f9bf0217ebd00239b1b2292feba61272d5dd58d0",
    "https://deno.land/std@0.166.0/async/debounce.ts": "dc8b92d4a4fe7eac32c924f2b8d3e62112530db70cadce27042689d82970b350",
    "https://deno.land/std@0.166.0/async/deferred.ts": "d8fb253ffde2a056e4889ef7e90f3928f28be9f9294b6505773d33f136aab4e6",
    "https://deno.land/std@0.166.0/async/delay.ts": "0419dfc993752849692d1f9647edf13407c7facc3509b099381be99ffbc9d699",
    "https://deno.land/std@0.166.0/async/mod.ts": "dd0a8ed4f3984ffabe2fcca7c9f466b7932d57b1864ffee148a5d5388316db6b",
    "https://deno.land/std@0.166.0/async/mux_async_iterator.ts": "3447b28a2a582224a3d4d3596bccbba6e85040da3b97ed64012f7decce98d093",
    "https://deno.land/std@0.166.0/async/pool.ts": "ef9eb97b388543acbf0ac32647121e4dbe629236899586c4d4311a8770fbb239",
    "https://deno.land/std@0.166.0/async/tee.ts": "9af3a3e7612af75861308b52249e167f5ebc3dcfc8a1a4d45462d96606ee2b70",
    "https://deno.land/std@0.166.0/crypto/_fnv/fnv32.ts": "aa9bddead8c6345087d3abd4ef35fb9655622afc333fc41fff382b36e64280b5",
    "https://deno.land/std@0.166.0/crypto/_fnv/fnv64.ts": "625d7e7505b6cb2e9801b5fd6ed0a89256bac12b2bbb3e4664b85a88b0ec5bef",
    "https://deno.land/std@0.166.0/crypto/_fnv/index.ts": "a8f6a361b4c6d54e5e89c16098f99b6962a1dd6ad1307dbc97fa1ecac5d7060a",
    "https://deno.land/std@0.166.0/crypto/_fnv/util.ts": "4848313bed7f00f55be3cb080aa0583fc007812ba965b03e4009665bde614ce3",
    "https://deno.land/std@0.166.0/crypto/_wasm/lib/deno_std_wasm_crypto.generated.mjs": "71c1ac20f32fdbdc9b31a14917779c7fa392dbc8b050059cbb2c35b400b975b1",
    "https://deno.land/std@0.166.0/crypto/_wasm/mod.ts": "b49ec171049bbbaaed3c5a5a71dfcb3d09f880607c8d9c517638d0443bd0f874",
    "https://deno.land/std@0.166.0/crypto/keystack.ts": "e481eed28007395e554a435e880fee83a5c73b9259ed8a135a75e4b1e4f381f7",
    "https://deno.land/std@0.166.0/crypto/mod.ts": "ee76e7df2e3346a8233861ecb66659da37c7b7fa730b48d765f3fb80fff1819e",
    "https://deno.land/std@0.166.0/crypto/timing_safe_equal.ts": "3784958e40a5fe10429a68b75cc5f8d34356bf0bc2eb93c80c3033e2a6f17821",
    "https://deno.land/std@0.166.0/crypto/util.ts": "93fc9dbaa62421538ad60ee65337cbf1d8a0298fac3c4f70b37e5627e7e129eb",
    "https://deno.land/std@0.166.0/encoding/base64.ts": "c57868ca7fa2fbe919f57f88a623ad34e3d970d675bdc1ff3a9d02bba7409db2",
    "https://deno.land/std@0.166.0/encoding/base64url.ts": "a5f82a9fa703bd85a5eb8e7c1296bc6529e601ebd9642cc2b5eaa6b38fa9e05a",
    "https://deno.land/std@0.166.0/encoding/hex.ts": "4cc5324417cbb4ac9b828453d35aed45b9cc29506fad658f1f138d981ae33795",
    "https://deno.land/std@0.166.0/fs/_util.ts": "fdc156f897197f261a1c096dcf8ff9267ed0ff42bd5b31f55053a4763a4bae3b",
    "https://deno.land/std@0.166.0/fs/copy.ts": "37ad2d3390a672a34baf7d16a8623238906a1ee9b2c5fffc8efaa97810f4e6a9",
    "https://deno.land/std@0.166.0/fs/empty_dir.ts": "c15a0aaaf40f8c21cca902aa1e01a789ad0c2fd1b7e2eecf4957053c5dbf707f",
    "https://deno.land/std@0.166.0/fs/ensure_dir.ts": "76395fc1c989ca8d2de3aedfa8240eb8f5225cde20f926de957995b063135b80",
    "https://deno.land/std@0.166.0/fs/ensure_file.ts": "b8e32ea63aa21221d0219760ba3f741f682d7f7d68d0d24a3ec067c338568152",
    "https://deno.land/std@0.166.0/fs/ensure_link.ts": "5cc1c04f18487d7d1edf4c5469705f30b61390ffd24ad7db6df85e7209b32bb2",
    "https://deno.land/std@0.166.0/fs/ensure_symlink.ts": "5273557b8c50be69477aa9cb003b54ff2240a336db52a40851c97abce76b96ab",
    "https://deno.land/std@0.166.0/fs/eol.ts": "65b1e27320c3eec6fb653b27e20056ee3d015d3e91db388cfefa41616ebc7cb3",
    "https://deno.land/std@0.166.0/fs/exists.ts": "6a447912e49eb79cc640adacfbf4b0baf8e17ede6d5bed057062ce33c4fa0d68",
    "https://deno.land/std@0.166.0/fs/expand_glob.ts": "d08678afa768881b055bdfb5cebe4f089f8db4513a4d2b0bbe748f5870d77ce3",
    "https://deno.land/std@0.166.0/fs/mod.ts": "354a6f972ef4e00c4dd1f1339a8828ef0764c1c23d3c0010af3fcc025d8655b0",
    "https://deno.land/std@0.166.0/fs/move.ts": "6d7fa9da60dbc7a32dd7fdbc2ff812b745861213c8e92ba96dace0669b0c378c",
    "https://deno.land/std@0.166.0/fs/walk.ts": "0a754cc4696a15bdb175380a4b7deff3eb65be9768cb11d91a4138beee35c2d7",
    "https://deno.land/std@0.166.0/http/server.ts": "e99c1bee8a3f6571ee4cdeb2966efad465b8f6fe62bec1bdb59c1f007cc4d155",
    "https://deno.land/std@0.166.0/path/_constants.ts": "df1db3ffa6dd6d1252cc9617e5d72165cd2483df90e93833e13580687b6083c3",
    "https://deno.land/std@0.166.0/path/_interface.ts": "ee3b431a336b80cf445441109d089b70d87d5e248f4f90ff906820889ecf8d09",
    "https://deno.land/std@0.166.0/path/_util.ts": "d16be2a16e1204b65f9d0dfc54a9bc472cafe5f4a190b3c8471ec2016ccd1677",
    "https://deno.land/std@0.166.0/path/common.ts": "bee563630abd2d97f99d83c96c2fa0cca7cee103e8cb4e7699ec4d5db7bd2633",
    "https://deno.land/std@0.166.0/path/glob.ts": "cb5255638de1048973c3e69e420c77dc04f75755524cb3b2e160fe9277d939ee",
    "https://deno.land/std@0.166.0/path/mod.ts": "56fec03ad0ebd61b6ab39ddb9b0ddb4c4a5c9f2f4f632e09dd37ec9ebfd722ac",
    "https://deno.land/std@0.166.0/path/posix.ts": "6b63de7097e68c8663c84ccedc0fd977656eb134432d818ecd3a4e122638ac24",
    "https://deno.land/std@0.166.0/path/separator.ts": "fe1816cb765a8068afb3e8f13ad272351c85cbc739af56dacfc7d93d710fe0f9",
    "https://deno.land/std@0.166.0/path/win32.ts": "7cebd2bda6657371adc00061a1d23fdd87bcdf64b4843bb148b0b24c11b40f69",
    "https://deno.land/std@0.170.0/_util/asserts.ts": "d0844e9b62510f89ce1f9878b046f6a57bf88f208a10304aab50efcb48365272",
    "https://deno.land/std@0.170.0/_util/os.ts": "8a33345f74990e627b9dfe2de9b040004b08ea5146c7c9e8fe9a29070d193934",
    "https://deno.land/std@0.170.0/async/deferred.ts": "77d3f84255c3627f1cc88699d8472b664d7635990d5358c4351623e098e917d6",
    "https://deno.land/std@0.170.0/bytes/bytes_list.ts": "aba5e2369e77d426b10af1de0dcc4531acecec27f9b9056f4f7bfbf8ac147ab4",
    "https://deno.land/std@0.170.0/bytes/concat.ts": "97a1274e117510ffffc9499c4debb9541e408732bab2e0ca624869ae13103c10",
    "https://deno.land/std@0.170.0/bytes/copy.ts": "d14a58f188a997ee0d2ba696d0c82a42f4fb4b6705e90a4238b77d7644dae24c",
    "https://deno.land/std@0.170.0/io/buf_reader.ts": "6c0eb067040a9931be2d24de50f56e67b10e3ff69d5344575df06caddf551417",
    "https://deno.land/std@0.170.0/io/buf_writer.ts": "b1ee5325cec3386596c67b1c7510bfc7e42b2f505060fe2e9d6536cdefdbb30c",
    "https://deno.land/std@0.170.0/io/buffer.ts": "04e4d9a7bffffeddd75df7da795001871857d83f8e7772e6a3eee9d174f33d38",
    "https://deno.land/std@0.170.0/io/read_delim.ts": "6bff17d31730eeab402633ee53701ac16e7b575a343c432acf7bd61bd649fd05",
    "https://deno.land/std@0.170.0/io/read_lines.ts": "51e2841394effe1473f588de2a87d62b1c2deb63ce869115506324e228f9e67b",
    "https://deno.land/std@0.170.0/io/read_string_delim.ts": "70b20eebd853269252d4a833834a2677b711f216842709d11005ba291d822a0a",
    "https://deno.land/std@0.170.0/io/types.d.ts": "790d3a3fa6b7f298d4cfbcf8bfd9d4be595c1b1acaa3eebb3009177df98bf93c",
    "https://deno.land/std@0.170.0/path/_constants.ts": "df1db3ffa6dd6d1252cc9617e5d72165cd2483df90e93833e13580687b6083c3",
    "https://deno.land/std@0.170.0/path/_interface.ts": "ee3b431a336b80cf445441109d089b70d87d5e248f4f90ff906820889ecf8d09",
    "https://deno.land/std@0.170.0/path/_util.ts": "d16be2a16e1204b65f9d0dfc54a9bc472cafe5f4a190b3c8471ec2016ccd1677",
    "https://deno.land/std@0.170.0/path/common.ts": "bee563630abd2d97f99d83c96c2fa0cca7cee103e8cb4e7699ec4d5db7bd2633",
    "https://deno.land/std@0.170.0/path/glob.ts": "81cc6c72be002cd546c7a22d1f263f82f63f37fe0035d9726aa96fc8f6e4afa1",
    "https://deno.land/std@0.170.0/path/mod.ts": "cf7cec7ac11b7048bb66af8ae03513e66595c279c65cfa12bfc07d9599608b78",
    "https://deno.land/std@0.170.0/path/posix.ts": "b859684bc4d80edfd4cad0a82371b50c716330bed51143d6dcdbe59e6278b30c",
    "https://deno.land/std@0.170.0/path/separator.ts": "fe1816cb765a8068afb3e8f13ad272351c85cbc739af56dacfc7d93d710fe0f9",
    "https://deno.land/std@0.170.0/path/win32.ts": "7cebd2bda6657371adc00061a1d23fdd87bcdf64b4843bb148b0b24c11b40f69",
    "https://deno.land/std@0.170.0/streams/_common.ts": "a931bdab61de705bbfeda25d7bcf8e6edbba37492f90737b3c2889604313df46",
    "https://deno.land/std@0.170.0/streams/buffer.ts": "53823f5a5b417998c568ea2f4060c5eb5c368e7c0147c79b343f5e18840d465a",
    "https://deno.land/std@0.170.0/streams/byte_slice_stream.ts": "65141918827f4063e052d9937fd472fedfa1a381cdccd674065839506016b2e3",
    "https://deno.land/std@0.170.0/streams/copy.ts": "9a972a4befee3306095e9bb058a5a4d73b681df6ca088d7209f9a0736271aadc",
    "https://deno.land/std@0.170.0/streams/delimiter_stream.ts": "dfc73a5324f15a53ea654fcc8b47c321f3bef6ec4499be44902f0aed5b1eed1e",
    "https://deno.land/std@0.170.0/streams/early_zip_readable_streams.ts": "1a4e1b8b9018638e2c0fefd4d0bce3bcffa7d1673630c9c817eba0cdde794a50",
    "https://deno.land/std@0.170.0/streams/iterate_reader.ts": "26adde791b4206a8abbbd6365a8845b88aef396c1fd642066ec8e8480675e6a1",
    "https://deno.land/std@0.170.0/streams/limited_bytes_transform_stream.ts": "3b7327a39d7f2c4799c94e853f3bfe43d9434edc2074a33fec8800252052576f",
    "https://deno.land/std@0.170.0/streams/limited_transform_stream.ts": "abb275b2d52d8817edacc63e966ca9dd14eaa956b231d217c28ffd327e097c7e",
    "https://deno.land/std@0.170.0/streams/merge_readable_streams.ts": "afa207eaa42a4b7299405b0e40b4dd023bc557be07219ba5e91b9492aa54096d",
    "https://deno.land/std@0.170.0/streams/mod.ts": "b0ac529acf419de264197cac696646cefb8e441d0116525d2753453bd2cbf6e1",
    "https://deno.land/std@0.170.0/streams/read_all.ts": "52c733b63ca52af7d78326228529d7d629d5b3bb7c34c0a0261b5a6ecc209e73",
    "https://deno.land/std@0.170.0/streams/readable_stream_from_iterable.ts": "eaa03bf3b7fbffa665d3d9c30435dcce3437c67559f97eaccc58995d3efcf8cd",
    "https://deno.land/std@0.170.0/streams/readable_stream_from_reader.ts": "fa1e01839d214826a1547f108f2858d9f97b267ccf2523bf08c6db3e07ae3124",
    "https://deno.land/std@0.170.0/streams/reader_from_iterable.ts": "91ebe9cfed2422b7193e222e3479d31f7906171df4f94e0d8df35877b9d15e69",
    "https://deno.land/std@0.170.0/streams/reader_from_stream_reader.ts": "88043a2b2932443e1b5133264283ded6872bec0604d4e69235ebf73e5e9ddde3",
    "https://deno.land/std@0.170.0/streams/text_delimiter_stream.ts": "03150e093373222c51cb94b8518fb4f789990a5ffdee767a3952a599fe56226f",
    "https://deno.land/std@0.170.0/streams/text_line_stream.ts": "9c402985714fe454dad6b59df8a6de7bf13fcb7ae027f35226b0b76d90a1dc60",
    "https://deno.land/std@0.170.0/streams/to_transform_stream.ts": "f3fea34e2d338d9022079d2e756a834b4c233758ad2bcdb43ace326b06c8d36c",
    "https://deno.land/std@0.170.0/streams/writable_stream_from_writer.ts": "ae8daf9f524c449485235900746d195c4d845bb452aed679e67288a9b6848f3b",
    "https://deno.land/std@0.170.0/streams/write_all.ts": "7525aa90e34a2bb56d094403ad9c0e31e7db87a47cb556e6dc0404e6deca084c",
    "https://deno.land/std@0.170.0/streams/writer_from_stream_writer.ts": "eee7964dc30acc74a02fc52f98f3a4fd46d1382d7897859b21eeebbd0a754ec6",
    "https://deno.land/std@0.170.0/streams/zip_readable_streams.ts": "17d5e6625a60ae4268dfd1ddb9aefa3c7f048ed854d4c20d4c05b646dc0e006b",
    "https://deno.land/x/compress@v0.4.1/utils/uint8.ts": "9c82e09c065f1f4bc648e3b14df441b43a7960fc7bdb29e9fb8d3a69c7e9d425",
    "https://deno.land/x/compress@v0.4.1/zlib/deflate.ts": "e1e3b406dcc3e20021e53cde427b4b9ced752b72df820de73fec17c6e5ba999e",
    "https://deno.land/x/compress@v0.4.1/zlib/inflate.ts": "618cc3dd25d202bf6b89d92f3ab2865e7495884cafce950638c77cbc1537aeb1",
    "https://deno.land/x/compress@v0.4.1/zlib/mod.ts": "4dca9c1e934b7ab27f31c318abd7bfd39b09be96fd76ba27bd46f3a4e73b4ad0",
    "https://deno.land/x/compress@v0.4.1/zlib/zlib/adler32.ts": "e34c7596d63a655755c4b0a44a40d4f9c1d1c4d3b891e5c1f3f840f8939e1940",
    "https://deno.land/x/compress@v0.4.1/zlib/zlib/crc32.ts": "b9bc4adaf327d32585205d1176bd52f6453c06dd1040544611d4c869e638119c",
    "https://deno.land/x/compress@v0.4.1/zlib/zlib/deflate.ts": "8d1dd88630279313e50deed4fe5feefe8128307cc48fa560e659b5234ab09d83",
    "https://deno.land/x/compress@v0.4.1/zlib/zlib/gzheader.ts": "11e6da7383447aae9791308dc2350a809fa341a876a2da396b03a2a31408c20c",
    "https://deno.land/x/compress@v0.4.1/zlib/zlib/inffast.ts": "282daf5ea16bb876d26e342f3c24fe1a8ec84640e713a970b02232955a853f86",
    "https://deno.land/x/compress@v0.4.1/zlib/zlib/inflate.ts": "76751c1a5b18d70a929fa31ce4959db0bde1b9097bfa1b5ea3b4d1fba2ab92fa",
    "https://deno.land/x/compress@v0.4.1/zlib/zlib/inftrees.ts": "8a6d765a5c42bf3b6990060cabbe52e88493f8ce6d082e6e35d97756914cfb8e",
    "https://deno.land/x/compress@v0.4.1/zlib/zlib/messages.ts": "c82229bd67ccc3b6162f3aca1c5e7f936e546aa91ac9a9ac4fcfefc3a9dc5ac8",
    "https://deno.land/x/compress@v0.4.1/zlib/zlib/status.ts": "5987864d2d43d59bbbfa2e6ef4d5a07284c1d10489cc5843ddf41ac547957ac3",
    "https://deno.land/x/compress@v0.4.1/zlib/zlib/trees.ts": "6b65a767646e031e87e7b725ffad0c511fe701f393a01652e1e7ee8884f60fee",
    "https://deno.land/x/compress@v0.4.1/zlib/zlib/zstream.ts": "c110fd5919235e317d64933852e24a1bba0126202be592e90e58f7b19315ad93",
    "https://deno.land/x/deno_graph@0.18.0/lib/deno_graph.generated.js": "cad29c9fcaa1fd3a8d96cecc0d775e06fbc813497593f374057addf619007f43",
    "https://deno.land/x/deno_graph@0.18.0/lib/loader.ts": "13a11c1dea0d85e0ad211be77217b8c06138bbb916afef6f50a04cca415084a9",
    "https://deno.land/x/deno_graph@0.18.0/lib/media_type.ts": "f5bfbb613254b83e3317ec979815d6639de1ffaa0143be8337dcfed978ab2db6",
    "https://deno.land/x/deno_graph@0.18.0/lib/snippets/deno_graph-c96e98bf612affe1/src/deno_apis.js": "f13f2678d875372cf8489ceb7124623a39fa5bf8de8ee1ec722dbb2ec5ec7845",
    "https://deno.land/x/deno_graph@0.18.0/lib/types.d.ts": "8cb4ace826c56ebd6e50de7d95fbb4e9247dc265ff1c0743a3db93eb7ec4d4f8",
    "https://deno.land/x/deno_graph@0.18.0/mod.ts": "87f3e3c8668e1e355ce567cfc035538411a165427c4287611bf29e7defbd0198",
    "https://deno.land/x/grammy@v1.13.0/bot.ts": "0d964a47af531ac1ed8fa37fc5475eef29f75c36a8cb67ca2f31de1b4a72f5cd",
    "https://deno.land/x/grammy@v1.13.0/composer.ts": "1d2e164f9934466553d7f9bf9bf2fe65a1f453b7f7ce3cf57066d87382c6dac2",
    "https://deno.land/x/grammy@v1.13.0/context.ts": "93cb00858eaa52ea55e06b502780a75e0d8d93ca824918ca33101da5c847aef6",
    "https://deno.land/x/grammy@v1.13.0/convenience/frameworks.deno.ts": "3d961adeed62ee3e8f9dd56f90c54503deb079df00f48f34bb1a79b911a25090",
    "https://deno.land/x/grammy@v1.13.0/convenience/frameworks.shared.ts": "46a5da6554a3fbae653dd39c98aaa8e27391a840ffa7a2c53cfe80bdde5b3367",
    "https://deno.land/x/grammy@v1.13.0/convenience/keyboard.ts": "343aae6a90793daefa4a85741306c0c902d20fd9e235f6d7dbe075bd4464969d",
    "https://deno.land/x/grammy@v1.13.0/convenience/session.ts": "d3f782e7669faffee197c00fde78a10a6ac6e7cd1b94a5ebefe2b7ce0d43ac1a",
    "https://deno.land/x/grammy@v1.13.0/convenience/webhook.ts": "805aa953f4626aff7b84fde156dff2ea3cc166d674f2d844a8ab2adad1a03589",
    "https://deno.land/x/grammy@v1.13.0/core/api.ts": "cc350c07037e84f5b2b5f73bcff6ea11abe73957624a53b9521f88c26f80d9fe",
    "https://deno.land/x/grammy@v1.13.0/core/client.ts": "8914f13b2cb69f16104a9711e4fea0a4500edd0950736dcc3ac078ab46f7a5ab",
    "https://deno.land/x/grammy@v1.13.0/core/error.ts": "4638b2127ebe60249c78b83011d468f5e1e1a87748d32fe11a8200d9f824ad13",
    "https://deno.land/x/grammy@v1.13.0/core/payload.ts": "bed2e44fb567259ee2cab70a7734544c90fae80cb937b354ee1427d0f0883b39",
    "https://deno.land/x/grammy@v1.13.0/filter.ts": "8a0ded4aad4ab899d17de67164fe19fb922acaed6c269da13c666b9b10073756",
    "https://deno.land/x/grammy@v1.13.0/mod.ts": "6d96b0c7b4c8b9448b9f9903a95a78c3379febd36b0f6485ad567d79b153c794",
    "https://deno.land/x/grammy@v1.13.0/platform.deno.ts": "0bd91c858f4a46058f6ed4e89855fdb40508ede8f179155ac6ce62bf8e01f418",
    "https://deno.land/x/grammy@v1.13.0/types.deno.ts": "f73c59bd8c00507e01056ea9443d8a831351b8698a8486c928fef697fae669f4",
    "https://deno.land/x/grammy@v1.13.0/types.ts": "729415590dfa188dbe924dea614dff4e976babdbabb28a307b869fc25777cdf0",
    "https://deno.land/x/html_escape@v1.1.5/escape.ts": "36f6d64ba196de17aec153c977d9581f8ce9df4643e659e4a6575a1a6fe2df47",
    "https://deno.land/x/html_escape@v1.1.5/html.ts": "3abc9c3553eb9c91f1b41c5e3d94b7d3101001a7ce3365caa123bfecee1f34e2",
    "https://esm.sh/@grammyjs/types@2.11.0": "72956860e3965c49e398502a7510ee3dd8a3afb11a4a7aeb8a8b0fa350ccad01",
    "https://esm.sh/v102/@grammyjs/types@2.11.0/api.d.ts": "efc90a31eb6f59ae5e7a4cf5838f46529e2fa6fa7e97a51a82dbd28afad21592",
    "https://esm.sh/v102/@grammyjs/types@2.11.0/deno/types.js": "6248abe4ced93405b5940a318b0bf528a170511b79aa910608f78ab5635c618c",
    "https://esm.sh/v102/@grammyjs/types@2.11.0/index.d.ts": "1c60004dec6270d9badd5ed195dbd6d4ddd00fa701acfeea922ed9f4861576a4",
    "https://esm.sh/v102/@grammyjs/types@2.11.0/inline.d.ts": "573b2790679c5c0910847a60064ae85c6f6007bfa139e3f611dd917f9c54399b",
    "https://esm.sh/v102/@grammyjs/types@2.11.0/manage.d.ts": "edc977884c514c92269f3b77ba29ac779488e0c2c067c5feab4c1f4c73e7b10a",
    "https://esm.sh/v102/@grammyjs/types@2.11.0/markup.d.ts": "6e93aa3248bbe33ff0816a0d243e8ed8623f8ba464dddece83b1e52372c43713",
    "https://esm.sh/v102/@grammyjs/types@2.11.0/menu-button.d.ts": "096e03dadaf3af415c48c14cb91380769df01dcccbb0931575bf5f15a5df5cd7",
    "https://esm.sh/v102/@grammyjs/types@2.11.0/message.d.ts": "d4c4e4fee7f12d9b0900141a9f6cbd64fd7411669a1ec7aecb403a6ae213092b",
    "https://esm.sh/v102/@grammyjs/types@2.11.0/passport.d.ts": "e3fb63aec96510bcc317ef48fd25b435444b8f407502d7568c00fce15f2958fd",
    "https://esm.sh/v102/@grammyjs/types@2.11.0/payment.d.ts": "410c384a26d24252219713adeb0c360d5d038102ab9d1a6e9aad20b603830d0c",
    "https://esm.sh/v102/@grammyjs/types@2.11.0/proxied.d.ts": "b0f1cecbe9f872bb30cd3047ceb1b832851da67967aa2413912524aa3ea557b5",
    "https://esm.sh/v102/@grammyjs/types@2.11.0/update.d.ts": "cbf3c6984a4783ea3a5c193334aa76953988dd25a60b69544f547a71b362199d",
    "https://raw.githubusercontent.com/skymethod/denoflare/v0.5.11/cli/api_kv_namespace.ts": "a6f4968550e0abc971bcc63ae4a89595f311ef6e5ca574ff71b484ece2df5786",
    "https://raw.githubusercontent.com/skymethod/denoflare/v0.5.11/cli/api_r2_bucket.ts": "3656602c68a467a8baad847562a3019418e48be46b875fe3f54fc77e3e0bae99",
    "https://raw.githubusercontent.com/skymethod/denoflare/v0.5.11/cli/bundle.ts": "e7d404a5044414dcb12ca671a59772372238e34a668b92622379fcf05c1e4576",
    "https://raw.githubusercontent.com/skymethod/denoflare/v0.5.11/cli/cli.ts": "d7f2fff4d9e88e731107d012ae12752f2a3fe6f67fc60bab3b783a6f40f46f2a",
    "https://raw.githubusercontent.com/skymethod/denoflare/v0.5.11/cli/cli_analytics.ts": "75aa927a15a84448eeb0f49485b42a7c2368d92ba4e285285b79671cd03a50bb",
    "https://raw.githubusercontent.com/skymethod/denoflare/v0.5.11/cli/cli_analytics_durable_objects.ts": "0e524759ccddcf1cfb80110ab7ab73d8662f5f644d20b52d3efe68bdf102def1",
    "https://raw.githubusercontent.com/skymethod/denoflare/v0.5.11/cli/cli_analytics_r2.ts": "df6ffbc0b9b3a6559afcdc48e55a8767b3e10437ed4acebdc4387f664ef41816",
    "https://raw.githubusercontent.com/skymethod/denoflare/v0.5.11/cli/cli_cfapi.ts": "07fbafca27f60d0a0194413d7669ace874dd6ef02809c61af71d3babb3719b64",
    "https://raw.githubusercontent.com/skymethod/denoflare/v0.5.11/cli/cli_command.ts": "d6257df73d32cd0d982605c928feb48522de0a34ae402e30a48c3ece749b2f69",
    "https://raw.githubusercontent.com/skymethod/denoflare/v0.5.11/cli/cli_common.ts": "4ec7f234ecb1ad5406baed9afb4d349f8d9190596d8bcbc2da1136b9b4bdc674",
    "https://raw.githubusercontent.com/skymethod/denoflare/v0.5.11/cli/cli_d1.ts": "aa7b606ab6e4d6d94fd1610fb23fb0beaeb1ee53c828543df3000b6035713f65",
    "https://raw.githubusercontent.com/skymethod/denoflare/v0.5.11/cli/cli_pubsub.ts": "06e8c1e0d1b2b6ae3568794e385647a3a04ba67c36a3db147de0da51347435f0",
    "https://raw.githubusercontent.com/skymethod/denoflare/v0.5.11/cli/cli_pubsub_publish.ts": "808258a2dd63d4448a6d70872cf61561eac43318ae61d9fe072f3bbc797a512a",
    "https://raw.githubusercontent.com/skymethod/denoflare/v0.5.11/cli/cli_pubsub_subscribe.ts": "5a90627cfa0c8d60a9f2450c714624c34519835e2418225e46cfa2f44658b941",
    "https://raw.githubusercontent.com/skymethod/denoflare/v0.5.11/cli/cli_push.ts": "917ad1874be1a28cdea547ef68707b0a0e0bb64ea04aeebf8d5bcc2007766784",
    "https://raw.githubusercontent.com/skymethod/denoflare/v0.5.11/cli/cli_r2.ts": "daee9f4b40aa92c1a6197f8c90fefcc96dc3ac74171e05e47dfc09f4094ba225",
    "https://raw.githubusercontent.com/skymethod/denoflare/v0.5.11/cli/cli_r2_abort_multipart_upload.ts": "058667a3200d29cf493b636183e99859c74b683e790d6aa53bb626f9dab2217b",
    "https://raw.githubusercontent.com/skymethod/denoflare/v0.5.11/cli/cli_r2_complete_multipart_upload.ts": "277269fbefd55d5995d8a28e01313eaa615f669e99c9e6cfb97bbc944d75f005",
    "https://raw.githubusercontent.com/skymethod/denoflare/v0.5.11/cli/cli_r2_copy_object.ts": "aa362b5f599d45e392dc6a47d468224ea84475a24784082e55d4ea1a4dc95372",
    "https://raw.githubusercontent.com/skymethod/denoflare/v0.5.11/cli/cli_r2_create_bucket.ts": "bb4a6532b2bb6219d1ba9a0efa92e4a06161cbe8f3b388f8df68a02767ffbac7",
    "https://raw.githubusercontent.com/skymethod/denoflare/v0.5.11/cli/cli_r2_create_multipart_upload.ts": "264f996c36bb56dcd2aa9d7f6cc43889e0689483a11e26e9265eeb174524d6a5",
    "https://raw.githubusercontent.com/skymethod/denoflare/v0.5.11/cli/cli_r2_delete_bucket.ts": "fd2dc296a896f3ad32d4b49b2892e96a82c875881f6fb1c64dc8c86a0611eef1",
    "https://raw.githubusercontent.com/skymethod/denoflare/v0.5.11/cli/cli_r2_delete_bucket_encryption.ts": "3671201fc78a245e76e0e0f3a96e48399bfe386ae17afc565b2f9ffade136d1e",
    "https://raw.githubusercontent.com/skymethod/denoflare/v0.5.11/cli/cli_r2_delete_object.ts": "9c118672c155e6519aa47a7fb18f45e60c898fca8b51b880f1c0c6f23582d422",
    "https://raw.githubusercontent.com/skymethod/denoflare/v0.5.11/cli/cli_r2_delete_objects.ts": "17a2d35a290d56dde9e3a9aad4e70182e891a5efdb63e4cd05dd17d9d1444b59",
    "https://raw.githubusercontent.com/skymethod/denoflare/v0.5.11/cli/cli_r2_generate_credentials.ts": "954db5248794cac83f4fc36f2ef548df97c3ebb34131235cb9ea25a8722372df",
    "https://raw.githubusercontent.com/skymethod/denoflare/v0.5.11/cli/cli_r2_get_bucket_encryption.ts": "4aa62ebc57d34be715d1067d3176ad2ecef8b0b93904477a4097701c5cd180ec",
    "https://raw.githubusercontent.com/skymethod/denoflare/v0.5.11/cli/cli_r2_get_bucket_location.ts": "98bf057bd3baed4c7a2b902b363c432d17af714a1a6dfe1cdb0e06cead89ce58",
    "https://raw.githubusercontent.com/skymethod/denoflare/v0.5.11/cli/cli_r2_get_head_object.ts": "8a24541e5a46953118c0a6cd494a594504b47103183c876f26b4c52a55a2e729",
    "https://raw.githubusercontent.com/skymethod/denoflare/v0.5.11/cli/cli_r2_head_bucket.ts": "722646b9b1406f4e2e4f3efdd00d6210db5a2fb8144f3714b4abe4563be79554",
    "https://raw.githubusercontent.com/skymethod/denoflare/v0.5.11/cli/cli_r2_list_buckets.ts": "ac6e9ea0be15191970b2396e24bbfd15600eed7aa63a78b84e3d278b50237f43",
    "https://raw.githubusercontent.com/skymethod/denoflare/v0.5.11/cli/cli_r2_list_multipart_uploads.ts": "c7844c4a957ef02e52b1b14cf821647c005a823abd5d50ab9abcaa123d09cc8e",
    "https://raw.githubusercontent.com/skymethod/denoflare/v0.5.11/cli/cli_r2_list_objects.ts": "506477b28e9dd2b66a35b7a51d246e40f878391873b7facb5552fb3b59f676d8",
    "https://raw.githubusercontent.com/skymethod/denoflare/v0.5.11/cli/cli_r2_list_objects_v1.ts": "ce2e57fae09f3a0c6243add2180112987277c51456bfba482dd69bb640a62edc",
    "https://raw.githubusercontent.com/skymethod/denoflare/v0.5.11/cli/cli_r2_presign.ts": "acdd88753166ac7a7da2b7aa0c73352506414bba2581cfb880998b8df1d09721",
    "https://raw.githubusercontent.com/skymethod/denoflare/v0.5.11/cli/cli_r2_put_bucket_encryption.ts": "2eb614c849171097cd14f53efa75f1e9686c8c15095414a0d707111cc3bd4c34",
    "https://raw.githubusercontent.com/skymethod/denoflare/v0.5.11/cli/cli_r2_put_large_object.ts": "526f2e8f2a1d22e06576c8a79f43649fe0bf1e337f2d5c809de7843434f3abcf",
    "https://raw.githubusercontent.com/skymethod/denoflare/v0.5.11/cli/cli_r2_put_object.ts": "bca0df5f37df69dff5b241898e0e26b257df89162f4b7e66903d33e02dd7ba3a",
    "https://raw.githubusercontent.com/skymethod/denoflare/v0.5.11/cli/cli_r2_upload_part.ts": "463be924728cd40546aadb01dd5a115c14564b6049b7f85d54d1d274e8f6ac67",
    "https://raw.githubusercontent.com/skymethod/denoflare/v0.5.11/cli/cli_r2_upload_part_copy.ts": "69394e6cc4f1e92b2a657c3a5a56d104a8f52180e5cfc40a414057c9d9cc326f",
    "https://raw.githubusercontent.com/skymethod/denoflare/v0.5.11/cli/cli_serve.ts": "59a6446a98a9fcbfd5831795ec1ab57a67547eb690b4429475048937eb673c1b",
    "https://raw.githubusercontent.com/skymethod/denoflare/v0.5.11/cli/cli_site.ts": "7f5f708ccddd252031cdc4b589f70a3ce4889cbc4761a2ec7d887a82a067eda0",
    "https://raw.githubusercontent.com/skymethod/denoflare/v0.5.11/cli/cli_site_generate.ts": "ea2568f684adc168a1e1de8a6b29ad453ace926393e077079844dec2fb73a4ab",
    "https://raw.githubusercontent.com/skymethod/denoflare/v0.5.11/cli/cli_site_serve.ts": "794dbf4aa08d2f989b6ed28db91cbb3fdb33b4708537f5d6a3b7f58063565477",
    "https://raw.githubusercontent.com/skymethod/denoflare/v0.5.11/cli/cli_tail.ts": "c8008ef2af5894e6db294a83fd125b5af378a6183c3f6245df4d0bf4f9025c7d",
    "https://raw.githubusercontent.com/skymethod/denoflare/v0.5.11/cli/cli_version.ts": "cdcc4c3103c121d8682fccd2e3dea150fed425273723ce1e47a6626e556bbe87",
    "https://raw.githubusercontent.com/skymethod/denoflare/v0.5.11/cli/config_loader.ts": "64d28916d83306c725d3bf7e8fe6cdde471ca0c752881e0355d38700f4d4be00",
    "https://raw.githubusercontent.com/skymethod/denoflare/v0.5.11/cli/deno_bundle.ts": "e5d3c3d8251bcee235a120b808fcc47d6597c9dd2c30c48d4671fa60b419fcfd",
    "https://raw.githubusercontent.com/skymethod/denoflare/v0.5.11/cli/deno_graph.ts": "7e1874373376cd6fa8f17606f783909ccd76ce244eb029d8690e5f29036f39a7",
    "https://raw.githubusercontent.com/skymethod/denoflare/v0.5.11/cli/deps_cli.ts": "1bf067c4c9bb2736e02878a9db8d89dc6d259d3ad6d62a8935345ec11413874d",
    "https://raw.githubusercontent.com/skymethod/denoflare/v0.5.11/cli/flag_parser.ts": "7b5998637f5c9a582d5618f9de7731061ce147239baedefee6f40b2776ac3dab",
    "https://raw.githubusercontent.com/skymethod/denoflare/v0.5.11/cli/fs_util.ts": "75f3b56fdda363ce29e52db52a5e843fdf876f48d2725eb5d4417b017586fdbb",
    "https://raw.githubusercontent.com/skymethod/denoflare/v0.5.11/cli/in_memory_r2_bucket.ts": "242dc134a98e061d74b926b51e538205416d433cf600e52e0c8863db91acf2dd",
    "https://raw.githubusercontent.com/skymethod/denoflare/v0.5.11/cli/jsonc.ts": "936cba1ff810ef31ae7485d943c80c3553c8447c21b432b7477f67d885177195",
    "https://raw.githubusercontent.com/skymethod/denoflare/v0.5.11/cli/module_watcher.ts": "ab6a78a4949b9f7e91455b4be52ca9a05be9ac07cb94595728f41e9fd5390ae1",
    "https://raw.githubusercontent.com/skymethod/denoflare/v0.5.11/cli/repo_dir.ts": "ad2e1b06419c594809968d0f68ab8de3d955d2e008454ab69a2723b02d6e9e61",
    "https://raw.githubusercontent.com/skymethod/denoflare/v0.5.11/cli/rpc_host_durable_object_storage.ts": "9f277ec3937e8aa846c54e3249eb264953145e1facb0805b15b89659fabb9ec7",
    "https://raw.githubusercontent.com/skymethod/denoflare/v0.5.11/cli/rpc_host_web_sockets.ts": "eb383b11a20784e567bd1ca6df86ffdab2b3a71c81fb3089a9c65e8b37140d2e",
    "https://raw.githubusercontent.com/skymethod/denoflare/v0.5.11/cli/site/design.ts": "b4f606d8de8e89e2229a641974674b43e0cddb04bce2f87592d308eea70c56e4",
    "https://raw.githubusercontent.com/skymethod/denoflare/v0.5.11/cli/site/page.ts": "f22740b4db077e2c8ae0ff50e15da7032e17d6dd4f0f35878fe331f78cc66498",
    "https://raw.githubusercontent.com/skymethod/denoflare/v0.5.11/cli/site/sidebar.ts": "7efb59660d90499588f153063e19923306b47bb0f31ab89583fc50692c88ef50",
    "https://raw.githubusercontent.com/skymethod/denoflare/v0.5.11/cli/site/site_config.ts": "982e9f404ff697c26931dd1405ad0559a5e31b795724867198bf13949a1cbfca",
    "https://raw.githubusercontent.com/skymethod/denoflare/v0.5.11/cli/site/site_config_validation.ts": "7bd3d3bb46219a06eb8525c76b5edd2397ceaa4815e8a28de182ce46ac74dea9",
    "https://raw.githubusercontent.com/skymethod/denoflare/v0.5.11/cli/site/site_model.ts": "ce3c11f843fb95667185c9a35aca543c310c268d47bdd66b7b1fbbb295a32c2d",
    "https://raw.githubusercontent.com/skymethod/denoflare/v0.5.11/cli/site/toc.ts": "349e8b52a20de2248579622467d428d1a6f1f416451d3d2264181f820c0f7204",
    "https://raw.githubusercontent.com/skymethod/denoflare/v0.5.11/cli/spawn.ts": "62a744dfd3575d286c76ca1eaf5a3b3ea2967ba5c01617c9e0038b306606229e",
    "https://raw.githubusercontent.com/skymethod/denoflare/v0.5.11/cli/versions.ts": "7a63ccc8b6a877da368a7bcc5fd6b7988573f40416aafe135429456f20ec43d2",
    "https://raw.githubusercontent.com/skymethod/denoflare/v0.5.11/cli/wasm_crypto.ts": "972439b042d891849d89398544da351ab521963951c485ad6f7245d7c5c46ad2",
    "https://raw.githubusercontent.com/skymethod/denoflare/v0.5.11/cli/worker_manager.ts": "b4d6fd6ab052c69203cccca328b4c91d7b51d2e7bcf7a9429d1c5066010e5264",
    "https://raw.githubusercontent.com/skymethod/denoflare/v0.5.11/common/analytics/cfgql_client.ts": "0ddcfa292f4bab6b14e4cec4b5535dfe01ca01dbfca467c393940961a4951c12",
    "https://raw.githubusercontent.com/skymethod/denoflare/v0.5.11/common/analytics/durable_objects_costs.ts": "b4cf2c3c3808c38198d832900306ae817cb001c7b42969a42c89ccfcd97762be",
    "https://raw.githubusercontent.com/skymethod/denoflare/v0.5.11/common/analytics/graphql.ts": "f5edfbd4edf21a8448d4714ae202823dbedfb63dc91387e562918d20d17e9261",
    "https://raw.githubusercontent.com/skymethod/denoflare/v0.5.11/common/analytics/r2_costs.ts": "4c4bf55b1c0ad79eb678da671dea43219c449f8249299dbade99e44474535ba8",
    "https://raw.githubusercontent.com/skymethod/denoflare/v0.5.11/common/bytes.ts": "243f0bb0eaa6813d95010db7e505c112f0ab32efbf887f8a949370e9cbc6c6ec",
    "https://raw.githubusercontent.com/skymethod/denoflare/v0.5.11/common/check.ts": "2270f50fbdcf173dd6cecdbf2707cd24566f7bfb21c11c86e48d5c6893db5655",
    "https://raw.githubusercontent.com/skymethod/denoflare/v0.5.11/common/cloudflare_api.ts": "9501fe8e7d04fdce08e75ae5e8730a9d4c9106928fe150d0749ca03a2bea1f7a",
    "https://raw.githubusercontent.com/skymethod/denoflare/v0.5.11/common/cloudflare_workers_runtime.ts": "af65db6c8a6e67e5856c671865b169dadacfbf1ead60d31f1f7df4b44f042d08",
    "https://raw.githubusercontent.com/skymethod/denoflare/v0.5.11/common/cloudflare_workers_types.d.ts": "76f9e54701156c77a17375e6a645f8df4ef2acebd285fd2ae8e0abdef4373185",
    "https://raw.githubusercontent.com/skymethod/denoflare/v0.5.11/common/config.ts": "acf0a4d7cf61411e39cfa3ca796e915c8c66363e878dbc980f7b428a2c595c62",
    "https://raw.githubusercontent.com/skymethod/denoflare/v0.5.11/common/config_validation.ts": "8851c0efa9f9cab36d21086121ac5f6c532d6a4959def8877d6260f646e1f598",
    "https://raw.githubusercontent.com/skymethod/denoflare/v0.5.11/common/console.ts": "26543fa340a3af51d197999df9d5b7897284cb1cc09515a5860526b19c16e184",
    "https://raw.githubusercontent.com/skymethod/denoflare/v0.5.11/common/constants.ts": "62c92ecd8b0bfec3d39d15ff36ce19388e6f7db52183b059320021e63143ebf2",
    "https://raw.githubusercontent.com/skymethod/denoflare/v0.5.11/common/crypto_keys.ts": "7d36ac32f1eeccc9d4d1ca3f9bda4c40c96631d4470fe7cd372eead5737eb907",
    "https://raw.githubusercontent.com/skymethod/denoflare/v0.5.11/common/deno_workarounds.ts": "c902c3058edf38d0b8bea69ff8df94eb072b0c211ad93a066550b25e3fa1248f",
    "https://raw.githubusercontent.com/skymethod/denoflare/v0.5.11/common/denoflare_response.ts": "2f4f9f9fee429211677d2a623f21eeca84a7001429f59c6c6cb2e8b7026e2883",
    "https://raw.githubusercontent.com/skymethod/denoflare/v0.5.11/common/deps_xml.ts": "3d12d59e3072b19004a9508cafb74938b062023fe8c3ab397ff20dd0b58f35f1",
    "https://raw.githubusercontent.com/skymethod/denoflare/v0.5.11/common/fake_web_socket.ts": "e54fc9cf0fa436f06f7d599860aa8e3e4c6712178a82b8090f25f5923750a99a",
    "https://raw.githubusercontent.com/skymethod/denoflare/v0.5.11/common/fetch_util.ts": "a0fa120c7d17801bb5dd1f448d669778173b73344f9b63f419d8d6c9d3733b24",
    "https://raw.githubusercontent.com/skymethod/denoflare/v0.5.11/common/incoming_request_cf_properties.ts": "94356a53eaf7a5bb0064ecb5e556a4ca5922df0c78d4361d6ae70ff596404c26",
    "https://raw.githubusercontent.com/skymethod/denoflare/v0.5.11/common/jwt.ts": "bca3c5f0122e5a0aabdc1b4ae3f7eae93724b80f716fe415b4871029c179cbcf",
    "https://raw.githubusercontent.com/skymethod/denoflare/v0.5.11/common/local_durable_objects.ts": "7607d2618ccd2988638838e2bfd28e13cbca36587812ff3625c54342a409da14",
    "https://raw.githubusercontent.com/skymethod/denoflare/v0.5.11/common/local_web_sockets.ts": "5081a25fa9e76cde0bae0d8977030d210f1b071d2f3a3de9f63f529af31c54da",
    "https://raw.githubusercontent.com/skymethod/denoflare/v0.5.11/common/module_worker_execution.ts": "7c40339e4612bedc31dd9f3676dd79ad6a84fd6c22682642fc3b28d974772129",
    "https://raw.githubusercontent.com/skymethod/denoflare/v0.5.11/common/mqtt/deno_tcp_connection.ts": "63694b4680e6d56dc73d4a2a6b4b47f35e12b752cbd5dded6282f6f1f6f503a4",
    "https://raw.githubusercontent.com/skymethod/denoflare/v0.5.11/common/mqtt/mod_deno.ts": "901bb0db2aa67914f11c44e975cffe78aa29b94e6e387ead74a4080a9c9ae2aa",
    "https://raw.githubusercontent.com/skymethod/denoflare/v0.5.11/common/mqtt/mod_iso.ts": "7a38ab9eecb616f8a00f94ad780b3f333e3a272cc3b620483fcfdf738b49d925",
    "https://raw.githubusercontent.com/skymethod/denoflare/v0.5.11/common/mqtt/mqtt.ts": "dcaaa882c7823fa2d31e1fc1d32faeae5d1b309b1c49f0ad998696075315d21a",
    "https://raw.githubusercontent.com/skymethod/denoflare/v0.5.11/common/mqtt/mqtt_client.ts": "aef7b95da2d36c5711a92694e94b7f3faac718aac43cff14109a292caae32b70",
    "https://raw.githubusercontent.com/skymethod/denoflare/v0.5.11/common/mqtt/mqtt_connection.ts": "6b299c8b81d657750594dd7da80cefa746a9a21da7f134db00e33a44eb1f5aef",
    "https://raw.githubusercontent.com/skymethod/denoflare/v0.5.11/common/mqtt/mqtt_messages.ts": "5da848c2bb2f39f54b998c84cbbaefd4184987e7ffce2ded68774498a61630ba",
    "https://raw.githubusercontent.com/skymethod/denoflare/v0.5.11/common/mqtt/web_socket_connection.ts": "090267fc7f5fe612714d543c96672586cd935ab564be174e2136979284c69397",
    "https://raw.githubusercontent.com/skymethod/denoflare/v0.5.11/common/mutex.ts": "fa62f80c99e504d2ff09ee4a05a0ebde7be45b8ba04f51f06b78343b3c054545",
    "https://raw.githubusercontent.com/skymethod/denoflare/v0.5.11/common/noop_analytics_engine.ts": "d22790b9f3eac4f162c66a12aebaed98a3bccfef2118cf787d4876015f0b04f5",
    "https://raw.githubusercontent.com/skymethod/denoflare/v0.5.11/common/noop_cf_global_caches.ts": "41911a258da10f4b1c39be894f140d2db0c1c9bd522febac5dcdbc4fd30d90f6",
    "https://raw.githubusercontent.com/skymethod/denoflare/v0.5.11/common/noop_d1_database.ts": "0615944061dd8f2a8d56cefb8c0b97f80b999fff53917c97ae1d061bfc42153f",
    "https://raw.githubusercontent.com/skymethod/denoflare/v0.5.11/common/r2/abort_multipart_upload.ts": "a1a9d2e06671d400b3e08f245023283b75db1378d83138dd8f7f4ec73b72aa10",
    "https://raw.githubusercontent.com/skymethod/denoflare/v0.5.11/common/r2/complete_multipart_upload.ts": "c73816c7379b240c289750f7fe7760ac4c8e608138c5223cd85374c445fdd5cc",
    "https://raw.githubusercontent.com/skymethod/denoflare/v0.5.11/common/r2/copy_object.ts": "13f50a478b5d0699d9179f89bf1deec4bf5dc2330daa0cebb473ccb9bdb1593d",
    "https://raw.githubusercontent.com/skymethod/denoflare/v0.5.11/common/r2/create_bucket.ts": "2600d524d53c45c87e7d49899ca9e8bfa74d3e23e123fdfc11a824bb9ef1a25d",
    "https://raw.githubusercontent.com/skymethod/denoflare/v0.5.11/common/r2/create_multipart_upload.ts": "4e046e7f7af13a95fc674852d181aa8dff7a7e15b81aa1280369ebdbdf69e87a",
    "https://raw.githubusercontent.com/skymethod/denoflare/v0.5.11/common/r2/delete_bucket.ts": "4b3b1f9d2a319e22aafe334b4612ebbd4ba6ac5141288d25102d003a7933c9d5",
    "https://raw.githubusercontent.com/skymethod/denoflare/v0.5.11/common/r2/delete_bucket_encryption.ts": "e3925556a1fafb674ae5eedf63901df02ac02215c709ff207e8487b543ab0ff3",
    "https://raw.githubusercontent.com/skymethod/denoflare/v0.5.11/common/r2/delete_object.ts": "8863f00bc87aa7460d9650c848eb0832b615482d3031dd0c8312b00352a6ff8a",
    "https://raw.githubusercontent.com/skymethod/denoflare/v0.5.11/common/r2/delete_objects.ts": "099575536129e7e16ac9b5cfbe6652befcf3efa7eca7a0802baf2f75b958e9f4",
    "https://raw.githubusercontent.com/skymethod/denoflare/v0.5.11/common/r2/get_bucket_encryption.ts": "200805862822236734eb0c29f67a6a5dacc5ff466ddc00224a258fb8414f5c0c",
    "https://raw.githubusercontent.com/skymethod/denoflare/v0.5.11/common/r2/get_bucket_location.ts": "dadc6d343163a1dde1027118d1a04d07ab0771a49b96b870eea721c4c4e0f23d",
    "https://raw.githubusercontent.com/skymethod/denoflare/v0.5.11/common/r2/get_head_object.ts": "b7e0bf48ab21cf1f2878c03e8acbead53603a849c8400b9bddf62f6c67a305be",
    "https://raw.githubusercontent.com/skymethod/denoflare/v0.5.11/common/r2/head_bucket.ts": "1466d7b011277faa07818331397df7e5323ea9fedd17aebabafa1f67308784f5",
    "https://raw.githubusercontent.com/skymethod/denoflare/v0.5.11/common/r2/known_element.ts": "92c955e728e5bb4436dec0609857f6b33f49965947da3074890872475e37fabf",
    "https://raw.githubusercontent.com/skymethod/denoflare/v0.5.11/common/r2/list_buckets.ts": "34c4581aa8878a5abbf38a7ef4ceb7f49660bcc685588844d9fd1e7395d4dd34",
    "https://raw.githubusercontent.com/skymethod/denoflare/v0.5.11/common/r2/list_multipart_uploads.ts": "b1404a1658c051bca8644d566c9f71ff52daed2f3351bb94288dcc1e3fb0d810",
    "https://raw.githubusercontent.com/skymethod/denoflare/v0.5.11/common/r2/list_objects.ts": "d4a48a4d7bbc9eef1148564167b161bd0be51bd6d65d184dc78abab86d823354",
    "https://raw.githubusercontent.com/skymethod/denoflare/v0.5.11/common/r2/list_objects_v2.ts": "f1a4d6da775c8ba05347489c3bb901465c3707c770a28de2cbddb9b6d0ec6376",
    "https://raw.githubusercontent.com/skymethod/denoflare/v0.5.11/common/r2/put_bucket_encryption.ts": "bc1c65a8476129a35b1d0aaec98ef939a41c0713201235f3d053afcc837fe548",
    "https://raw.githubusercontent.com/skymethod/denoflare/v0.5.11/common/r2/put_object.ts": "8276cc3c0b5518561cd7fe14488ec7c50f690f81b9fef3f9d7b75381dc244dc2",
    "https://raw.githubusercontent.com/skymethod/denoflare/v0.5.11/common/r2/r2.ts": "567a17556b53e924c49e8ceca139486f5c346afd7d523c8933cfdb4a5bde7d06",
    "https://raw.githubusercontent.com/skymethod/denoflare/v0.5.11/common/r2/upload_part.ts": "8fa480a607d53ae753abc0f03dcd48bfc5958c76df41a65631bfed2b0990d3d2",
    "https://raw.githubusercontent.com/skymethod/denoflare/v0.5.11/common/r2/upload_part_copy.ts": "1d648ccfcea842e98776e041588561727864096ff5dcef89b5d360913f59d6a8",
    "https://raw.githubusercontent.com/skymethod/denoflare/v0.5.11/common/rpc_channel.ts": "7ee9840f230938a5740de7c62ac6bb6aeb4955c540170cde66738c371825b00c",
    "https://raw.githubusercontent.com/skymethod/denoflare/v0.5.11/common/rpc_fetch.ts": "14fced2cd4413006429fc22c87c79bf9300b9173f1b515afb5c7a160882c9ab4",
    "https://raw.githubusercontent.com/skymethod/denoflare/v0.5.11/common/rpc_kv_namespace.ts": "4ecd2a2aaea75d23267b212ded8ffd3f90fa89c40484097df4b9ae9b3a4c0e3d",
    "https://raw.githubusercontent.com/skymethod/denoflare/v0.5.11/common/rpc_r2_bucket.ts": "67af21fadb3c42836d15cd36ce93f13951f1c134dcccb02dc285426212e604f0",
    "https://raw.githubusercontent.com/skymethod/denoflare/v0.5.11/common/rpc_r2_model.ts": "5559a50685f6ac34a6e3b73eec4ee77bc7547ba72cae0a53445873e1caa67044",
    "https://raw.githubusercontent.com/skymethod/denoflare/v0.5.11/common/rpc_script.ts": "497fb9e6230d790f34f9e917c745cb5c92e0c575076d6fb4fe886903162242e4",
    "https://raw.githubusercontent.com/skymethod/denoflare/v0.5.11/common/rpc_stub_durable_object_storage.ts": "6c96e9dc7143abcca69acfb7c8bb536cc471b1ba556843750f86022843eb2f6d",
    "https://raw.githubusercontent.com/skymethod/denoflare/v0.5.11/common/rpc_stub_web_sockets.ts": "c94193a7cf14e8c994d0ffa045e6329095a720ed774dcb33c6fda4e94cf4d70e",
    "https://raw.githubusercontent.com/skymethod/denoflare/v0.5.11/common/script_worker_execution.ts": "cbe733ca667ee25d45ac05445fca27190ed39c93a263712b36a7b9bc5ff4400d",
    "https://raw.githubusercontent.com/skymethod/denoflare/v0.5.11/common/sets.ts": "6324e23648bc8d9b4b1ad91ce023b94fb2340a3f8827fe4d55cbbd384dd2a0a2",
    "https://raw.githubusercontent.com/skymethod/denoflare/v0.5.11/common/sha1.ts": "97507d0636e399b38e86ee6e40f1ce63ab53ce3ad55d6c6b796d94bb3d7ef872",
    "https://raw.githubusercontent.com/skymethod/denoflare/v0.5.11/common/storage/in_memory_alarms.ts": "d44c231cf6101c05374d2466a2bee613f752b58636d52a79b5e09b7c81ab337c",
    "https://raw.githubusercontent.com/skymethod/denoflare/v0.5.11/common/storage/in_memory_durable_object_storage.ts": "aeaacaed53c53ded6ab2477155008c92de6d44b4dc9a58848b2b7d63e400ad07",
    "https://raw.githubusercontent.com/skymethod/denoflare/v0.5.11/common/storage/web_storage_durable_object_storage.ts": "8e66943ee08f6684af17c61acb15324b8dfbc3c11c5385666bad5fa51d178608",
    "https://raw.githubusercontent.com/skymethod/denoflare/v0.5.11/common/tail.ts": "3da8ec1ff92b793ae8e0bbbae017a0ca8a88412e62122f05614f2d468d1b97fa",
    "https://raw.githubusercontent.com/skymethod/denoflare/v0.5.11/common/tail_connection.ts": "929883b872a3b9e8bc3c55b80f5405cd1d99eb1ea55c9944c5595ec800b534e0",
    "https://raw.githubusercontent.com/skymethod/denoflare/v0.5.11/common/tail_pretty.ts": "8cdeb4246ee95253bf3756f43ae72084c97bf3aaaf8f0a96d16bf10add4d4e6f",
    "https://raw.githubusercontent.com/skymethod/denoflare/v0.5.11/common/unimplemented_cloudflare_stubs.ts": "06f5fb25a7386a1d75a7f29251eb6a0c283b4e8484d6c177a4a79dadf41f4044",
    "https://raw.githubusercontent.com/skymethod/denoflare/v0.5.11/common/uuid_v4.ts": "c8efce44b4e597ea44f87e41ef336a0166c2f1e296f24a4bc150db2f14f5c6a8",
    "https://raw.githubusercontent.com/skymethod/denoflare/v0.5.11/common/worker_execution.ts": "6d02e077808eb53dd569224cd6d2d0f9ad6437205d1195cc4671595cacf31aed",
    "https://raw.githubusercontent.com/skymethod/denoflare/v0.5.11/common/xml_parser.ts": "fe07a02b147928b1506c82dd7ad369af71301eb9f2d6a4094cdf0840bfb5230d",
    "https://raw.githubusercontent.com/skymethod/denoflare/v0.5.11/common/xml_util.ts": "85626221aa13d9047b0e08330fecc800210e02538728cad9d93b2ed39c6fda9e"
  }
}
